
Microsoft Visual Studio Solution File, Format Version 12.00
# Visual Studio Version 17
VisualStudioVersion = 17.14.36414.22
MinimumVisualStudioVersion = 10.0.40219.1
Project("{2150E333-8FDC-42A3-9474-1A3956D46DE8}") = "Task0", "Task0", "{36D591C7-65C7-A0D1-1CBC-10CDE441BDC8}"
EndProject
Project("{FAE04EC0-301F-11D3-BF4B-00C04F79EFBC}") = "Tyuiu.PupovAA.Sprint6.Task0.V29.Lib", "Tyuiu.PupovAA.Sprint6.Task0.V29.Lib\Tyuiu.PupovAA.Sprint6.Task0.V29.Lib.csproj", "{6B50A58F-F802-4397-AFD1-45A35580416C}"
EndProject
Project("{FAE04EC0-301F-11D3-BF4B-00C04F79EFBC}") = "Tyuiu.PupovAA.Sprint6.Task0.V29.Test", "Tyuiu.PupovAA.Sprint6.Task0.V29.Test\Tyuiu.PupovAA.Sprint6.Task0.V29.Test.csproj", "{6A89D6A2-6767-49D0-8A58-243E7487C24D}"
EndProject
Project("{FAE04EC0-301F-11D3-BF4B-00C04F79EFBC}") = "Tyuiu.PupovAA.Sprint6.Task0.V29", "Tyuiu.PupovAA.Sprint6.Task0.V29\Tyuiu.PupovAA.Sprint6.Task0.V29.csproj", "{CF40BB4F-9EC4-4CCC-A621-050174589B56}"
EndProject
Project("{2150E333-8FDC-42A3-9474-1A3956D46DE8}") = "Task1", "Task1", "{C447BA08-13B4-4511-8304-1A1732F197EC}"
EndProject
Project("{FAE04EC0-301F-11D3-BF4B-00C04F79EFBC}") = "Tyuiu.PupovAA.Sprint6.Task1.V2.Lib", "Tyuiu.PupovAA.Sprint6.Task1.V2.Lib\Tyuiu.PupovAA.Sprint6.Task1.V2.Lib.csproj", "{CF65587E-AE5B-4ADF-A59D-A4A3806C86E6}"
EndProject
Project("{FAE04EC0-301F-11D3-BF4B-00C04F79EFBC}") = "Tyuiu.PupovAA.Sprint6.Task1.V2.Test", "Tyuiu.PupovAA.Sprint6.Task1.V2.Test\Tyuiu.PupovAA.Sprint6.Task1.V2.Test.csproj", "{C8A193E2-8E60-42EA-B1CF-6DFDD9007590}"
EndProject
Project("{FAE04EC0-301F-11D3-BF4B-00C04F79EFBC}") = "Tyuiu.PupovAA.Sprint6.Task1.V2.", "Tyuiu.PupovAA.Sprint6.Task1.V2\Tyuiu.PupovAA.Sprint6.Task1.V2..csproj", "{1B96025A-E45B-4246-B084-D8788C2AD677}"
EndProject
Project("{2150E333-8FDC-42A3-9474-1A3956D46DE8}") = "Task2", "Task2", "{90B451FA-ADDD-4372-84DE-3C1656CD4FDD}"
EndProject
Project("{FAE04EC0-301F-11D3-BF4B-00C04F79EFBC}") = "Tyuiu.PupovAA.Sprint6.Task2.V5.Lib", "Tyuiu.PupovAA.Sprint6.Task2.V5.Lib\Tyuiu.PupovAA.Sprint6.Task2.V5.Lib.csproj", "{A6E070BE-565B-49A3-985C-E92617DAF38A}"
EndProject
Project("{FAE04EC0-301F-11D3-BF4B-00C04F79EFBC}") = "Tyuiu.PupovAA.Sprint6.Task2.V5.Test", "Tyuiu.PupovAA.Sprint6.Task2.V5.Test\Tyuiu.PupovAA.Sprint6.Task2.V5.Test.csproj", "{E15403CD-D284-44AF-BA4A-2FE147F40DBA}"
EndProject
Project("{FAE04EC0-301F-11D3-BF4B-00C04F79EFBC}") = "Tyuiu.PupovAA.Sprint6.Task2.V5", "Tyuiu.PupovAA.Sprint6.Task2.V5\Tyuiu.PupovAA.Sprint6.Task2.V5.csproj", "{CFC486B1-05D8-4E0A-8130-3A28EC3FDBF8}"
EndProject
Project("{2150E333-8FDC-42A3-9474-1A3956D46DE8}") = "Task3", "Task3", "{1754F533-BB89-45A0-84A9-97CECE2C7746}"
EndProject
Project("{FAE04EC0-301F-11D3-BF4B-00C04F79EFBC}") = "Tyuiu.PupovAA.Sprint6.Task3.V15.Lib", "Tyuiu.PupovAA.Sprint6.Task3.V15.Lib\Tyuiu.PupovAA.Sprint6.Task3.V15.Lib.csproj", "{C5ACE178-AB0A-CDDE-66D4-C6C3990FA1FC}"
EndProject
Project("{FAE04EC0-301F-11D3-BF4B-00C04F79EFBC}") = "Tyuiu.PupovAA.Sprint6.Task3.V15.Test", "Tyuiu.PupovAA.Sprint6.Task3.V15.Test\Tyuiu.PupovAA.Sprint6.Task3.V15.Test.csproj", "{9CF73A40-4818-78F7-50CC-5FD620ACA5CA}"
EndProject
Project("{FAE04EC0-301F-11D3-BF4B-00C04F79EFBC}") = "Tyuiu.PupovAA.Sprint6.Task3.V15", "Tyuiu.PupovAA.Sprint6.Task3.V15\Tyuiu.PupovAA.Sprint6.Task3.V15.csproj", "{87C7C483-49EE-2B7C-8EC1-EA63112BC482}"
EndProject
Project("{2150E333-8FDC-42A3-9474-1A3956D46DE8}") = "Task4", "Task4", "{1F7BE5E1-00C4-4D7F-B80A-B8832B7D4196}"
EndProject
Project("{FAE04EC0-301F-11D3-BF4B-00C04F79EFBC}") = "Tyuiu.PupovAA.Sprint6.Task4.V29.Lib", "Tyuiu.PupovAA.Sprint6.Task4.V29.Lib\Tyuiu.PupovAA.Sprint6.Task4.V29.Lib.csproj", "{7593D205-33DE-5637-B13A-B77BBF33EF1F}"
EndProject
Project("{FAE04EC0-301F-11D3-BF4B-00C04F79EFBC}") = "Tyuiu.PupovAA.Sprint6.Task4.V29.Test", "Tyuiu.PupovAA.Sprint6.Task4.V29.Test\Tyuiu.PupovAA.Sprint6.Task4.V29.Test.csproj", "{ED14FCC6-33F1-C470-CDD1-E86324DFAFB0}"
EndProject
Project("{FAE04EC0-301F-11D3-BF4B-00C04F79EFBC}") = "Tyuiu.PupovAA.Sprint6.Task4.V29", "Tyuiu.PupovAA.Sprint6.Task4.V29\Tyuiu.PupovAA.Sprint6.Task4.V29.csproj", "{3CFA9D44-872B-15FB-53D9-EDDFD98E2F08}"
EndProject
Project("{2150E333-8FDC-42A3-9474-1A3956D46DE8}") = "Task5", "Task5", "{0CA9D43F-6EBB-4511-8227-EEF5721C1A31}"
EndProject
Project("{FAE04EC0-301F-11D3-BF4B-00C04F79EFBC}") = "Tyuiu.PupovAA.Sprint6.Task5.V23.Test", "Tyuiu.PupovAA.Sprint6.Task5.V23.Test\Tyuiu.PupovAA.Sprint6.Task5.V23.Test.csproj", "{919D66CD-EEA6-D08B-D6C5-95F3C6AA8FF8}"
EndProject
Project("{FAE04EC0-301F-11D3-BF4B-00C04F79EFBC}") = "Tyuiu.PupovAA.Sprint6.Task5.V23", "Tyuiu.PupovAA.Sprint6.Task5.V23\Tyuiu.PupovAA.Sprint6.Task5.V23.csproj", "{F300222C-902B-E343-3C83-18046395838E}"
EndProject
Project("{FAE04EC0-301F-11D3-BF4B-00C04F79EFBC}") = "Tyuiu.PupovAA.Sprint6.Task5.V23.Lib", "Tyuiu.PupovAA.Sprint6.Task5.V23.Lib\Tyuiu.PupovAA.Sprint6.Task5.V23.Lib.csproj", "{544CABBE-52C8-2FC3-E537-B8DD23798572}"
EndProject
Global
	GlobalSection(SolutionConfigurationPlatforms) = preSolution
		Debug|Any CPU = Debug|Any CPU
		Release|Any CPU = Release|Any CPU
	EndGlobalSection
	GlobalSection(ProjectConfigurationPlatforms) = postSolution
		{6B50A58F-F802-4397-AFD1-45A35580416C}.Debug|Any CPU.ActiveCfg = Debug|Any CPU
		{6B50A58F-F802-4397-AFD1-45A35580416C}.Debug|Any CPU.Build.0 = Debug|Any CPU
		{6B50A58F-F802-4397-AFD1-45A35580416C}.Release|Any CPU.ActiveCfg = Release|Any CPU
		{6B50A58F-F802-4397-AFD1-45A35580416C}.Release|Any CPU.Build.0 = Release|Any CPU
		{6A89D6A2-6767-49D0-8A58-243E7487C24D}.Debug|Any CPU.ActiveCfg = Debug|Any CPU
		{6A89D6A2-6767-49D0-8A58-243E7487C24D}.Debug|Any CPU.Build.0 = Debug|Any CPU
		{6A89D6A2-6767-49D0-8A58-243E7487C24D}.Release|Any CPU.ActiveCfg = Release|Any CPU
		{6A89D6A2-6767-49D0-8A58-243E7487C24D}.Release|Any CPU.Build.0 = Release|Any CPU
		{CF40BB4F-9EC4-4CCC-A621-050174589B56}.Debug|Any CPU.ActiveCfg = Debug|Any CPU
		{CF40BB4F-9EC4-4CCC-A621-050174589B56}.Debug|Any CPU.Build.0 = Debug|Any CPU
		{CF40BB4F-9EC4-4CCC-A621-050174589B56}.Release|Any CPU.ActiveCfg = Release|Any CPU
		{CF40BB4F-9EC4-4CCC-A621-050174589B56}.Release|Any CPU.Build.0 = Release|Any CPU
		{CF65587E-AE5B-4ADF-A59D-A4A3806C86E6}.Debug|Any CPU.ActiveCfg = Debug|Any CPU
		{CF65587E-AE5B-4ADF-A59D-A4A3806C86E6}.Debug|Any CPU.Build.0 = Debug|Any CPU
		{CF65587E-AE5B-4ADF-A59D-A4A3806C86E6}.Release|Any CPU.ActiveCfg = Release|Any CPU
		{CF65587E-AE5B-4ADF-A59D-A4A3806C86E6}.Release|Any CPU.Build.0 = Release|Any CPU
		{C8A193E2-8E60-42EA-B1CF-6DFDD9007590}.Debug|Any CPU.ActiveCfg = Debug|Any CPU
		{C8A193E2-8E60-42EA-B1CF-6DFDD9007590}.Debug|Any CPU.Build.0 = Debug|Any CPU
		{C8A193E2-8E60-42EA-B1CF-6DFDD9007590}.Release|Any CPU.ActiveCfg = Release|Any CPU
		{C8A193E2-8E60-42EA-B1CF-6DFDD9007590}.Release|Any CPU.Build.0 = Release|Any CPU
		{1B96025A-E45B-4246-B084-D8788C2AD677}.Debug|Any CPU.ActiveCfg = Debug|Any CPU
		{1B96025A-E45B-4246-B084-D8788C2AD677}.Debug|Any CPU.Build.0 = Debug|Any CPU
		{1B96025A-E45B-4246-B084-D8788C2AD677}.Release|Any CPU.ActiveCfg = Release|Any CPU
		{1B96025A-E45B-4246-B084-D8788C2AD677}.Release|Any CPU.Build.0 = Release|Any CPU
		{A6E070BE-565B-49A3-985C-E92617DAF38A}.Debug|Any CPU.ActiveCfg = Debug|Any CPU
		{A6E070BE-565B-49A3-985C-E92617DAF38A}.Debug|Any CPU.Build.0 = Debug|Any CPU
		{A6E070BE-565B-49A3-985C-E92617DAF38A}.Release|Any CPU.ActiveCfg = Release|Any CPU
		{A6E070BE-565B-49A3-985C-E92617DAF38A}.Release|Any CPU.Build.0 = Release|Any CPU
		{E15403CD-D284-44AF-BA4A-2FE147F40DBA}.Debug|Any CPU.ActiveCfg = Debug|Any CPU
		{E15403CD-D284-44AF-BA4A-2FE147F40DBA}.Debug|Any CPU.Build.0 = Debug|Any CPU
		{E15403CD-D284-44AF-BA4A-2FE147F40DBA}.Release|Any CPU.ActiveCfg = Release|Any CPU
		{E15403CD-D284-44AF-BA4A-2FE147F40DBA}.Release|Any CPU.Build.0 = Release|Any CPU
		{CFC486B1-05D8-4E0A-8130-3A28EC3FDBF8}.Debug|Any CPU.ActiveCfg = Debug|Any CPU
		{CFC486B1-05D8-4E0A-8130-3A28EC3FDBF8}.Debug|Any CPU.Build.0 = Debug|Any CPU
		{CFC486B1-05D8-4E0A-8130-3A28EC3FDBF8}.Release|Any CPU.ActiveCfg = Release|Any CPU
		{CFC486B1-05D8-4E0A-8130-3A28EC3FDBF8}.Release|Any CPU.Build.0 = Release|Any CPU
		{C5ACE178-AB0A-CDDE-66D4-C6C3990FA1FC}.Debug|Any CPU.ActiveCfg = Debug|Any CPU
		{C5ACE178-AB0A-CDDE-66D4-C6C3990FA1FC}.Debug|Any CPU.Build.0 = Debug|Any CPU
		{C5ACE178-AB0A-CDDE-66D4-C6C3990FA1FC}.Release|Any CPU.ActiveCfg = Release|Any CPU
		{C5ACE178-AB0A-CDDE-66D4-C6C3990FA1FC}.Release|Any CPU.Build.0 = Release|Any CPU
		{9CF73A40-4818-78F7-50CC-5FD620ACA5CA}.Debug|Any CPU.ActiveCfg = Debug|Any CPU
		{9CF73A40-4818-78F7-50CC-5FD620ACA5CA}.Debug|Any CPU.Build.0 = Debug|Any CPU
		{9CF73A40-4818-78F7-50CC-5FD620ACA5CA}.Release|Any CPU.ActiveCfg = Release|Any CPU
		{9CF73A40-4818-78F7-50CC-5FD620ACA5CA}.Release|Any CPU.Build.0 = Release|Any CPU
		{87C7C483-49EE-2B7C-8EC1-EA63112BC482}.Debug|Any CPU.ActiveCfg = Debug|Any CPU
		{87C7C483-49EE-2B7C-8EC1-EA63112BC482}.Debug|Any CPU.Build.0 = Debug|Any CPU
		{87C7C483-49EE-2B7C-8EC1-EA63112BC482}.Release|Any CPU.ActiveCfg = Release|Any CPU
		{87C7C483-49EE-2B7C-8EC1-EA63112BC482}.Release|Any CPU.Build.0 = Release|Any CPU
		{7593D205-33DE-5637-B13A-B77BBF33EF1F}.Debug|Any CPU.ActiveCfg = Debug|Any CPU
		{7593D205-33DE-5637-B13A-B77BBF33EF1F}.Debug|Any CPU.Build.0 = Debug|Any CPU
		{7593D205-33DE-5637-B13A-B77BBF33EF1F}.Release|Any CPU.ActiveCfg = Release|Any CPU
		{7593D205-33DE-5637-B13A-B77BBF33EF1F}.Release|Any CPU.Build.0 = Release|Any CPU
		{ED14FCC6-33F1-C470-CDD1-E86324DFAFB0}.Debug|Any CPU.ActiveCfg = Debug|Any CPU
		{ED14FCC6-33F1-C470-CDD1-E86324DFAFB0}.Debug|Any CPU.Build.0 = Debug|Any CPU
		{ED14FCC6-33F1-C470-CDD1-E86324DFAFB0}.Release|Any CPU.ActiveCfg = Release|Any CPU
		{ED14FCC6-33F1-C470-CDD1-E86324DFAFB0}.Release|Any CPU.Build.0 = Release|Any CPU
		{3CFA9D44-872B-15FB-53D9-EDDFD98E2F08}.Debug|Any CPU.ActiveCfg = Debug|Any CPU
		{3CFA9D44-872B-15FB-53D9-EDDFD98E2F08}.Debug|Any CPU.Build.0 = Debug|Any CPU
		{3CFA9D44-872B-15FB-53D9-EDDFD98E2F08}.Release|Any CPU.ActiveCfg = Release|Any CPU
		{3CFA9D44-872B-15FB-53D9-EDDFD98E2F08}.Release|Any CPU.Build.0 = Release|Any CPU
		{919D66CD-EEA6-D08B-D6C5-95F3C6AA8FF8}.Debug|Any CPU.ActiveCfg = Debug|Any CPU
		{919D66CD-EEA6-D08B-D6C5-95F3C6AA8FF8}.Debug|Any CPU.Build.0 = Debug|Any CPU
		{919D66CD-EEA6-D08B-D6C5-95F3C6AA8FF8}.Release|Any CPU.ActiveCfg = Release|Any CPU
		{919D66CD-EEA6-D08B-D6C5-95F3C6AA8FF8}.Release|Any CPU.Build.0 = Release|Any CPU
		{F300222C-902B-E343-3C83-18046395838E}.Debug|Any CPU.ActiveCfg = Debug|Any CPU
		{F300222C-902B-E343-3C83-18046395838E}.Debug|Any CPU.Build.0 = Debug|Any CPU
		{F300222C-902B-E343-3C83-18046395838E}.Release|Any CPU.ActiveCfg = Release|Any CPU
		{F300222C-902B-E343-3C83-18046395838E}.Release|Any CPU.Build.0 = Release|Any CPU
		{544CABBE-52C8-2FC3-E537-B8DD23798572}.Debug|Any CPU.ActiveCfg = Debug|Any CPU
		{544CABBE-52C8-2FC3-E537-B8DD23798572}.Debug|Any CPU.Build.0 = Debug|Any CPU
		{544CABBE-52C8-2FC3-E537-B8DD23798572}.Release|Any CPU.ActiveCfg = Release|Any CPU
		{544CABBE-52C8-2FC3-E537-B8DD23798572}.Release|Any CPU.Build.0 = Release|Any CPU
	EndGlobalSection
	GlobalSection(SolutionProperties) = preSolution
		HideSolutionNode = FALSE
	EndGlobalSection
	GlobalSection(NestedProjects) = preSolution
		{6B50A58F-F802-4397-AFD1-45A35580416C} = {36D591C7-65C7-A0D1-1CBC-10CDE441BDC8}
		{6A89D6A2-6767-49D0-8A58-243E7487C24D} = {36D591C7-65C7-A0D1-1CBC-10CDE441BDC8}
		{CF40BB4F-9EC4-4CCC-A621-050174589B56} = {36D591C7-65C7-A0D1-1CBC-10CDE441BDC8}
		{CF65587E-AE5B-4ADF-A59D-A4A3806C86E6} = {C447BA08-13B4-4511-8304-1A1732F197EC}
		{C8A193E2-8E60-42EA-B1CF-6DFDD9007590} = {C447BA08-13B4-4511-8304-1A1732F197EC}
		{1B96025A-E45B-4246-B084-D8788C2AD677} = {C447BA08-13B4-4511-8304-1A1732F197EC}
		{A6E070BE-565B-49A3-985C-E92617DAF38A} = {90B451FA-ADDD-4372-84DE-3C1656CD4FDD}
		{E15403CD-D284-44AF-BA4A-2FE147F40DBA} = {90B451FA-ADDD-4372-84DE-3C1656CD4FDD}
		{CFC486B1-05D8-4E0A-8130-3A28EC3FDBF8} = {90B451FA-ADDD-4372-84DE-3C1656CD4FDD}
		{C5ACE178-AB0A-CDDE-66D4-C6C3990FA1FC} = {1754F533-BB89-45A0-84A9-97CECE2C7746}
		{9CF73A40-4818-78F7-50CC-5FD620ACA5CA} = {1754F533-BB89-45A0-84A9-97CECE2C7746}
		{87C7C483-49EE-2B7C-8EC1-EA63112BC482} = {1754F533-BB89-45A0-84A9-97CECE2C7746}
		{7593D205-33DE-5637-B13A-B77BBF33EF1F} = {1F7BE5E1-00C4-4D7F-B80A-B8832B7D4196}
		{ED14FCC6-33F1-C470-CDD1-E86324DFAFB0} = {1F7BE5E1-00C4-4D7F-B80A-B8832B7D4196}
		{3CFA9D44-872B-15FB-53D9-EDDFD98E2F08} = {1F7BE5E1-00C4-4D7F-B80A-B8832B7D4196}
		{919D66CD-EEA6-D08B-D6C5-95F3C6AA8FF8} = {0CA9D43F-6EBB-4511-8227-EEF5721C1A31}
		{F300222C-902B-E343-3C83-18046395838E} = {0CA9D43F-6EBB-4511-8227-EEF5721C1A31}
		{544CABBE-52C8-2FC3-E537-B8DD23798572} = {0CA9D43F-6EBB-4511-8227-EEF5721C1A31}
	EndGlobalSection
	GlobalSection(ExtensibilityGlobals) = postSolution
		SolutionGuid = {1B4DCAC5-EACA-436E-975A-CB895F5AA888}
	EndGlobalSection
EndGlobal
