
Microsoft Visual Studio Solution File, Format Version 12.00
# Visual Studio Version 17
VisualStudioVersion = 17.14.36414.22 d17.14
MinimumVisualStudioVersion = 10.0.40219.1
Project("{2150E333-8FDC-42A3-9474-1A3956D46DE8}") = "Task0", "Task0", "{36D591C7-65C7-A0D1-1CBC-10CDE441BDC8}"
EndProject
Project("{FAE04EC0-301F-11D3-BF4B-00C04F79EFBC}") = "Tyuiu.PupovAA.Sprint6.Task0.V29.Lib", "Tyuiu.PupovAA.Sprint6.Task0.V29.Lib\Tyuiu.PupovAA.Sprint6.Task0.V29.Lib.csproj", "{6B50A58F-F802-4397-AFD1-45A35580416C}"
EndProject
Project("{FAE04EC0-301F-11D3-BF4B-00C04F79EFBC}") = "Tyuiu.PupovAA.Sprint6.Task0.V29.Test", "Tyuiu.PupovAA.Sprint6.Task0.V29.Test\Tyuiu.PupovAA.Sprint6.Task0.V29.Test.csproj", "{6A89D6A2-6767-49D0-8A58-243E7487C24D}"
EndProject
Project("{FAE04EC0-301F-11D3-BF4B-00C04F79EFBC}") = "Tyuiu.PupovAA.Sprint6.Task0.V29", "Tyuiu.PupovAA.Sprint6.Task0.V29\Tyuiu.PupovAA.Sprint6.Task0.V29.csproj", "{CF40BB4F-9EC4-4CCC-A621-050174589B56}"
EndProject
Global
	GlobalSection(SolutionConfigurationPlatforms) = preSolution
		Debug|Any CPU = Debug|Any CPU
		Release|Any CPU = Release|Any CPU
	EndGlobalSection
	GlobalSection(ProjectConfigurationPlatforms) = postSolution
		{6B50A58F-F802-4397-AFD1-45A35580416C}.Debug|Any CPU.ActiveCfg = Debug|Any CPU
		{6B50A58F-F802-4397-AFD1-45A35580416C}.Debug|Any CPU.Build.0 = Debug|Any CPU
		{6B50A58F-F802-4397-AFD1-45A35580416C}.Release|Any CPU.ActiveCfg = Release|Any CPU
		{6B50A58F-F802-4397-AFD1-45A35580416C}.Release|Any CPU.Build.0 = Release|Any CPU
		{6A89D6A2-6767-49D0-8A58-243E7487C24D}.Debug|Any CPU.ActiveCfg = Debug|Any CPU
		{6A89D6A2-6767-49D0-8A58-243E7487C24D}.Debug|Any CPU.Build.0 = Debug|Any CPU
		{6A89D6A2-6767-49D0-8A58-243E7487C24D}.Release|Any CPU.ActiveCfg = Release|Any CPU
		{6A89D6A2-6767-49D0-8A58-243E7487C24D}.Release|Any CPU.Build.0 = Release|Any CPU
		{CF40BB4F-9EC4-4CCC-A621-050174589B56}.Debug|Any CPU.ActiveCfg = Debug|Any CPU
		{CF40BB4F-9EC4-4CCC-A621-050174589B56}.Debug|Any CPU.Build.0 = Debug|Any CPU
		{CF40BB4F-9EC4-4CCC-A621-050174589B56}.Release|Any CPU.ActiveCfg = Release|Any CPU
		{CF40BB4F-9EC4-4CCC-A621-050174589B56}.Release|Any CPU.Build.0 = Release|Any CPU
	EndGlobalSection
	GlobalSection(SolutionProperties) = preSolution
		HideSolutionNode = FALSE
	EndGlobalSection
	GlobalSection(NestedProjects) = preSolution
		{6B50A58F-F802-4397-AFD1-45A35580416C} = {36D591C7-65C7-A0D1-1CBC-10CDE441BDC8}
		{6A89D6A2-6767-49D0-8A58-243E7487C24D} = {36D591C7-65C7-A0D1-1CBC-10CDE441BDC8}
		{CF40BB4F-9EC4-4CCC-A621-050174589B56} = {36D591C7-65C7-A0D1-1CBC-10CDE441BDC8}
	EndGlobalSection
	GlobalSection(ExtensibilityGlobals) = postSolution
		SolutionGuid = {1B4DCAC5-EACA-436E-975A-CB895F5AA888}
	EndGlobalSection
EndGlobal
